
Microsoft Visual Studio Solution File, Format Version 12.00
# Visual Studio 15
Project("{FAE04EC0-301F-11D3-BF4B-00C04F79EFBC}") = "Assembly-CSharp", "Assembly-CSharp.csproj", "{5694E6F2-BD5E-7736-B611-851DC36664DE}"
EndProject
Project("{FAE04EC0-301F-11D3-BF4B-00C04F79EFBC}") = "Assembly-CSharp-Editor", "Assembly-CSharp-Editor.csproj", "{D34500F1-50E5-B7A1-3CCE-B16D7F4CB734}"
EndProject
Global
	GlobalSection(SolutionConfigurationPlatforms) = preSolution
		Debug|Any CPU = Debug|Any CPU
		Release|Any CPU = Release|Any CPU
	EndGlobalSection
	GlobalSection(ProjectConfigurationPlatforms) = postSolution
		{5694E6F2-BD5E-7736-B611-851DC36664DE}.Debug|Any CPU.ActiveCfg = Debug|Any CPU
		{5694E6F2-BD5E-7736-B611-851DC36664DE}.Debug|Any CPU.Build.0 = Debug|Any CPU
		{5694E6F2-BD5E-7736-B611-851DC36664DE}.Release|Any CPU.ActiveCfg = Release|Any CPU
		{5694E6F2-BD5E-7736-B611-851DC36664DE}.Release|Any CPU.Build.0 = Release|Any CPU
		{D34500F1-50E5-B7A1-3CCE-B16D7F4CB734}.Debug|Any CPU.ActiveCfg = Debug|Any CPU
		{D34500F1-50E5-B7A1-3CCE-B16D7F4CB734}.Debug|Any CPU.Build.0 = Debug|Any CPU
		{D34500F1-50E5-B7A1-3CCE-B16D7F4CB734}.Release|Any CPU.ActiveCfg = Release|Any CPU
		{D34500F1-50E5-B7A1-3CCE-B16D7F4CB734}.Release|Any CPU.Build.0 = Release|Any CPU
	EndGlobalSection
	GlobalSection(SolutionProperties) = preSolution
		HideSolutionNode = FALSE
	EndGlobalSection
EndGlobal
